
Microsoft Visual Studio Solution File, Format Version 12.00
# Visual Studio 14
VisualStudioVersion = 14.0.25420.1
MinimumVisualStudioVersion = 10.0.40219.1
Project("{FAE04EC0-301F-11D3-BF4B-00C04F79EFBC}") = "RestfulCountries.Droid", "RestfulCountries\RestfulCountries.Droid\RestfulCountries.Droid.csproj", "{B1F97F4A-FC66-4E14-9B6D-0492E2206989}"
EndProject
Project("{FAE04EC0-301F-11D3-BF4B-00C04F79EFBC}") = "RestfulCountries.iOS", "RestfulCountries\RestfulCountries.iOS\RestfulCountries.iOS.csproj", "{21DB5DF3-5822-42AC-84CC-195CACB29E6D}"
EndProject
Project("{FAE04EC0-301F-11D3-BF4B-00C04F79EFBC}") = "RestfulCountries.WinPhone", "RestfulCountries\RestfulCountries.WinPhone\RestfulCountries.WinPhone.csproj", "{B79B0B4E-BA43-4943-A194-36EA3A6D8588}"
EndProject
Project("{FAE04EC0-301F-11D3-BF4B-00C04F79EFBC}") = "RestfulCountries.UWP", "RestfulCountries\RestfulCountries.UWP\RestfulCountries.UWP.csproj", "{34073924-28EE-4484-88A7-1969F385DF0B}"
EndProject
Project("{FAE04EC0-301F-11D3-BF4B-00C04F79EFBC}") = "RestfulCountries.Windows", "RestfulCountries\RestfulCountries.Windows\RestfulCountries.Windows.csproj", "{30EE2226-7A4B-401D-B838-C442F06A6C35}"
EndProject
Project("{FAE04EC0-301F-11D3-BF4B-00C04F79EFBC}") = "RestfulCountries", "RestfulCountries\RestfulCountries\RestfulCountries.csproj", "{443A84B0-34A3-4628-960A-FBC2360861D6}"
EndProject
Global
	GlobalSection(SolutionConfigurationPlatforms) = preSolution
		Ad-Hoc|Any CPU = Ad-Hoc|Any CPU
		Ad-Hoc|ARM = Ad-Hoc|ARM
		Ad-Hoc|iPhone = Ad-Hoc|iPhone
		Ad-Hoc|iPhoneSimulator = Ad-Hoc|iPhoneSimulator
		Ad-Hoc|x64 = Ad-Hoc|x64
		Ad-Hoc|x86 = Ad-Hoc|x86
		AppStore|Any CPU = AppStore|Any CPU
		AppStore|ARM = AppStore|ARM
		AppStore|iPhone = AppStore|iPhone
		AppStore|iPhoneSimulator = AppStore|iPhoneSimulator
		AppStore|x64 = AppStore|x64
		AppStore|x86 = AppStore|x86
		Debug|Any CPU = Debug|Any CPU
		Debug|ARM = Debug|ARM
		Debug|iPhone = Debug|iPhone
		Debug|iPhoneSimulator = Debug|iPhoneSimulator
		Debug|x64 = Debug|x64
		Debug|x86 = Debug|x86
		Release|Any CPU = Release|Any CPU
		Release|ARM = Release|ARM
		Release|iPhone = Release|iPhone
		Release|iPhoneSimulator = Release|iPhoneSimulator
		Release|x64 = Release|x64
		Release|x86 = Release|x86
	EndGlobalSection
	GlobalSection(ProjectConfigurationPlatforms) = postSolution
		{B1F97F4A-FC66-4E14-9B6D-0492E2206989}.Ad-Hoc|Any CPU.ActiveCfg = Release|Any CPU
		{B1F97F4A-FC66-4E14-9B6D-0492E2206989}.Ad-Hoc|Any CPU.Build.0 = Release|Any CPU
		{B1F97F4A-FC66-4E14-9B6D-0492E2206989}.Ad-Hoc|Any CPU.Deploy.0 = Release|Any CPU
		{B1F97F4A-FC66-4E14-9B6D-0492E2206989}.Ad-Hoc|ARM.ActiveCfg = Release|Any CPU
		{B1F97F4A-FC66-4E14-9B6D-0492E2206989}.Ad-Hoc|ARM.Build.0 = Release|Any CPU
		{B1F97F4A-FC66-4E14-9B6D-0492E2206989}.Ad-Hoc|ARM.Deploy.0 = Release|Any CPU
		{B1F97F4A-FC66-4E14-9B6D-0492E2206989}.Ad-Hoc|iPhone.ActiveCfg = Release|Any CPU
		{B1F97F4A-FC66-4E14-9B6D-0492E2206989}.Ad-Hoc|iPhone.Build.0 = Release|Any CPU
		{B1F97F4A-FC66-4E14-9B6D-0492E2206989}.Ad-Hoc|iPhone.Deploy.0 = Release|Any CPU
		{B1F97F4A-FC66-4E14-9B6D-0492E2206989}.Ad-Hoc|iPhoneSimulator.ActiveCfg = Release|Any CPU
		{B1F97F4A-FC66-4E14-9B6D-0492E2206989}.Ad-Hoc|iPhoneSimulator.Build.0 = Release|Any CPU
		{B1F97F4A-FC66-4E14-9B6D-0492E2206989}.Ad-Hoc|iPhoneSimulator.Deploy.0 = Release|Any CPU
		{B1F97F4A-FC66-4E14-9B6D-0492E2206989}.Ad-Hoc|x64.ActiveCfg = Release|Any CPU
		{B1F97F4A-FC66-4E14-9B6D-0492E2206989}.Ad-Hoc|x64.Build.0 = Release|Any CPU
		{B1F97F4A-FC66-4E14-9B6D-0492E2206989}.Ad-Hoc|x64.Deploy.0 = Release|Any CPU
		{B1F97F4A-FC66-4E14-9B6D-0492E2206989}.Ad-Hoc|x86.ActiveCfg = Release|Any CPU
		{B1F97F4A-FC66-4E14-9B6D-0492E2206989}.Ad-Hoc|x86.Build.0 = Release|Any CPU
		{B1F97F4A-FC66-4E14-9B6D-0492E2206989}.Ad-Hoc|x86.Deploy.0 = Release|Any CPU
		{B1F97F4A-FC66-4E14-9B6D-0492E2206989}.AppStore|Any CPU.ActiveCfg = Release|Any CPU
		{B1F97F4A-FC66-4E14-9B6D-0492E2206989}.AppStore|Any CPU.Build.0 = Release|Any CPU
		{B1F97F4A-FC66-4E14-9B6D-0492E2206989}.AppStore|Any CPU.Deploy.0 = Release|Any CPU
		{B1F97F4A-FC66-4E14-9B6D-0492E2206989}.AppStore|ARM.ActiveCfg = Release|Any CPU
		{B1F97F4A-FC66-4E14-9B6D-0492E2206989}.AppStore|ARM.Build.0 = Release|Any CPU
		{B1F97F4A-FC66-4E14-9B6D-0492E2206989}.AppStore|ARM.Deploy.0 = Release|Any CPU
		{B1F97F4A-FC66-4E14-9B6D-0492E2206989}.AppStore|iPhone.ActiveCfg = Release|Any CPU
		{B1F97F4A-FC66-4E14-9B6D-0492E2206989}.AppStore|iPhone.Build.0 = Release|Any CPU
		{B1F97F4A-FC66-4E14-9B6D-0492E2206989}.AppStore|iPhone.Deploy.0 = Release|Any CPU
		{B1F97F4A-FC66-4E14-9B6D-0492E2206989}.AppStore|iPhoneSimulator.ActiveCfg = Release|Any CPU
		{B1F97F4A-FC66-4E14-9B6D-0492E2206989}.AppStore|iPhoneSimulator.Build.0 = Release|Any CPU
		{B1F97F4A-FC66-4E14-9B6D-0492E2206989}.AppStore|iPhoneSimulator.Deploy.0 = Release|Any CPU
		{B1F97F4A-FC66-4E14-9B6D-0492E2206989}.AppStore|x64.ActiveCfg = Release|Any CPU
		{B1F97F4A-FC66-4E14-9B6D-0492E2206989}.AppStore|x64.Build.0 = Release|Any CPU
		{B1F97F4A-FC66-4E14-9B6D-0492E2206989}.AppStore|x64.Deploy.0 = Release|Any CPU
		{B1F97F4A-FC66-4E14-9B6D-0492E2206989}.AppStore|x86.ActiveCfg = Release|Any CPU
		{B1F97F4A-FC66-4E14-9B6D-0492E2206989}.AppStore|x86.Build.0 = Release|Any CPU
		{B1F97F4A-FC66-4E14-9B6D-0492E2206989}.AppStore|x86.Deploy.0 = Release|Any CPU
		{B1F97F4A-FC66-4E14-9B6D-0492E2206989}.Debug|Any CPU.ActiveCfg = Debug|Any CPU
		{B1F97F4A-FC66-4E14-9B6D-0492E2206989}.Debug|Any CPU.Build.0 = Debug|Any CPU
		{B1F97F4A-FC66-4E14-9B6D-0492E2206989}.Debug|Any CPU.Deploy.0 = Debug|Any CPU
		{B1F97F4A-FC66-4E14-9B6D-0492E2206989}.Debug|ARM.ActiveCfg = Debug|Any CPU
		{B1F97F4A-FC66-4E14-9B6D-0492E2206989}.Debug|ARM.Build.0 = Debug|Any CPU
		{B1F97F4A-FC66-4E14-9B6D-0492E2206989}.Debug|ARM.Deploy.0 = Debug|Any CPU
		{B1F97F4A-FC66-4E14-9B6D-0492E2206989}.Debug|iPhone.ActiveCfg = Debug|Any CPU
		{B1F97F4A-FC66-4E14-9B6D-0492E2206989}.Debug|iPhone.Build.0 = Debug|Any CPU
		{B1F97F4A-FC66-4E14-9B6D-0492E2206989}.Debug|iPhone.Deploy.0 = Debug|Any CPU
		{B1F97F4A-FC66-4E14-9B6D-0492E2206989}.Debug|iPhoneSimulator.ActiveCfg = Debug|Any CPU
		{B1F97F4A-FC66-4E14-9B6D-0492E2206989}.Debug|iPhoneSimulator.Build.0 = Debug|Any CPU
		{B1F97F4A-FC66-4E14-9B6D-0492E2206989}.Debug|iPhoneSimulator.Deploy.0 = Debug|Any CPU
		{B1F97F4A-FC66-4E14-9B6D-0492E2206989}.Debug|x64.ActiveCfg = Debug|Any CPU
		{B1F97F4A-FC66-4E14-9B6D-0492E2206989}.Debug|x64.Build.0 = Debug|Any CPU
		{B1F97F4A-FC66-4E14-9B6D-0492E2206989}.Debug|x64.Deploy.0 = Debug|Any CPU
		{B1F97F4A-FC66-4E14-9B6D-0492E2206989}.Debug|x86.ActiveCfg = Debug|Any CPU
		{B1F97F4A-FC66-4E14-9B6D-0492E2206989}.Debug|x86.Build.0 = Debug|Any CPU
		{B1F97F4A-FC66-4E14-9B6D-0492E2206989}.Debug|x86.Deploy.0 = Debug|Any CPU
		{B1F97F4A-FC66-4E14-9B6D-0492E2206989}.Release|Any CPU.ActiveCfg = Release|Any CPU
		{B1F97F4A-FC66-4E14-9B6D-0492E2206989}.Release|Any CPU.Build.0 = Release|Any CPU
		{B1F97F4A-FC66-4E14-9B6D-0492E2206989}.Release|Any CPU.Deploy.0 = Release|Any CPU
		{B1F97F4A-FC66-4E14-9B6D-0492E2206989}.Release|ARM.ActiveCfg = Release|Any CPU
		{B1F97F4A-FC66-4E14-9B6D-0492E2206989}.Release|ARM.Build.0 = Release|Any CPU
		{B1F97F4A-FC66-4E14-9B6D-0492E2206989}.Release|ARM.Deploy.0 = Release|Any CPU
		{B1F97F4A-FC66-4E14-9B6D-0492E2206989}.Release|iPhone.ActiveCfg = Release|Any CPU
		{B1F97F4A-FC66-4E14-9B6D-0492E2206989}.Release|iPhone.Build.0 = Release|Any CPU
		{B1F97F4A-FC66-4E14-9B6D-0492E2206989}.Release|iPhone.Deploy.0 = Release|Any CPU
		{B1F97F4A-FC66-4E14-9B6D-0492E2206989}.Release|iPhoneSimulator.ActiveCfg = Release|Any CPU
		{B1F97F4A-FC66-4E14-9B6D-0492E2206989}.Release|iPhoneSimulator.Build.0 = Release|Any CPU
		{B1F97F4A-FC66-4E14-9B6D-0492E2206989}.Release|iPhoneSimulator.Deploy.0 = Release|Any CPU
		{B1F97F4A-FC66-4E14-9B6D-0492E2206989}.Release|x64.ActiveCfg = Release|Any CPU
		{B1F97F4A-FC66-4E14-9B6D-0492E2206989}.Release|x64.Build.0 = Release|Any CPU
		{B1F97F4A-FC66-4E14-9B6D-0492E2206989}.Release|x64.Deploy.0 = Release|Any CPU
		{B1F97F4A-FC66-4E14-9B6D-0492E2206989}.Release|x86.ActiveCfg = Release|Any CPU
		{B1F97F4A-FC66-4E14-9B6D-0492E2206989}.Release|x86.Build.0 = Release|Any CPU
		{B1F97F4A-FC66-4E14-9B6D-0492E2206989}.Release|x86.Deploy.0 = Release|Any CPU
		{21DB5DF3-5822-42AC-84CC-195CACB29E6D}.Ad-Hoc|Any CPU.ActiveCfg = Ad-Hoc|iPhone
		{21DB5DF3-5822-42AC-84CC-195CACB29E6D}.Ad-Hoc|ARM.ActiveCfg = Ad-Hoc|iPhone
		{21DB5DF3-5822-42AC-84CC-195CACB29E6D}.Ad-Hoc|iPhone.ActiveCfg = Ad-Hoc|iPhone
		{21DB5DF3-5822-42AC-84CC-195CACB29E6D}.Ad-Hoc|iPhone.Build.0 = Ad-Hoc|iPhone
		{21DB5DF3-5822-42AC-84CC-195CACB29E6D}.Ad-Hoc|iPhoneSimulator.ActiveCfg = Ad-Hoc|iPhoneSimulator
		{21DB5DF3-5822-42AC-84CC-195CACB29E6D}.Ad-Hoc|iPhoneSimulator.Build.0 = Ad-Hoc|iPhoneSimulator
		{21DB5DF3-5822-42AC-84CC-195CACB29E6D}.Ad-Hoc|x64.ActiveCfg = Ad-Hoc|iPhone
		{21DB5DF3-5822-42AC-84CC-195CACB29E6D}.Ad-Hoc|x86.ActiveCfg = Ad-Hoc|iPhone
		{21DB5DF3-5822-42AC-84CC-195CACB29E6D}.AppStore|Any CPU.ActiveCfg = AppStore|iPhone
		{21DB5DF3-5822-42AC-84CC-195CACB29E6D}.AppStore|ARM.ActiveCfg = AppStore|iPhone
		{21DB5DF3-5822-42AC-84CC-195CACB29E6D}.AppStore|iPhone.ActiveCfg = AppStore|iPhone
		{21DB5DF3-5822-42AC-84CC-195CACB29E6D}.AppStore|iPhone.Build.0 = AppStore|iPhone
		{21DB5DF3-5822-42AC-84CC-195CACB29E6D}.AppStore|iPhoneSimulator.ActiveCfg = AppStore|iPhoneSimulator
		{21DB5DF3-5822-42AC-84CC-195CACB29E6D}.AppStore|iPhoneSimulator.Build.0 = AppStore|iPhoneSimulator
		{21DB5DF3-5822-42AC-84CC-195CACB29E6D}.AppStore|x64.ActiveCfg = AppStore|iPhone
		{21DB5DF3-5822-42AC-84CC-195CACB29E6D}.AppStore|x86.ActiveCfg = AppStore|iPhone
		{21DB5DF3-5822-42AC-84CC-195CACB29E6D}.Debug|Any CPU.ActiveCfg = Debug|iPhone
		{21DB5DF3-5822-42AC-84CC-195CACB29E6D}.Debug|ARM.ActiveCfg = Debug|iPhone
		{21DB5DF3-5822-42AC-84CC-195CACB29E6D}.Debug|iPhone.ActiveCfg = Debug|iPhone
		{21DB5DF3-5822-42AC-84CC-195CACB29E6D}.Debug|iPhone.Build.0 = Debug|iPhone
		{21DB5DF3-5822-42AC-84CC-195CACB29E6D}.Debug|iPhoneSimulator.ActiveCfg = Debug|iPhoneSimulator
		{21DB5DF3-5822-42AC-84CC-195CACB29E6D}.Debug|iPhoneSimulator.Build.0 = Debug|iPhoneSimulator
		{21DB5DF3-5822-42AC-84CC-195CACB29E6D}.Debug|x64.ActiveCfg = Debug|iPhone
		{21DB5DF3-5822-42AC-84CC-195CACB29E6D}.Debug|x86.ActiveCfg = Debug|iPhone
		{21DB5DF3-5822-42AC-84CC-195CACB29E6D}.Release|Any CPU.ActiveCfg = Release|iPhone
		{21DB5DF3-5822-42AC-84CC-195CACB29E6D}.Release|ARM.ActiveCfg = Release|iPhone
		{21DB5DF3-5822-42AC-84CC-195CACB29E6D}.Release|iPhone.ActiveCfg = Release|iPhone
		{21DB5DF3-5822-42AC-84CC-195CACB29E6D}.Release|iPhone.Build.0 = Release|iPhone
		{21DB5DF3-5822-42AC-84CC-195CACB29E6D}.Release|iPhoneSimulator.ActiveCfg = Release|iPhoneSimulator
		{21DB5DF3-5822-42AC-84CC-195CACB29E6D}.Release|iPhoneSimulator.Build.0 = Release|iPhoneSimulator
		{21DB5DF3-5822-42AC-84CC-195CACB29E6D}.Release|x64.ActiveCfg = Release|iPhone
		{21DB5DF3-5822-42AC-84CC-195CACB29E6D}.Release|x86.ActiveCfg = Release|iPhone
		{B79B0B4E-BA43-4943-A194-36EA3A6D8588}.Ad-Hoc|Any CPU.ActiveCfg = Release|Any CPU
		{B79B0B4E-BA43-4943-A194-36EA3A6D8588}.Ad-Hoc|Any CPU.Build.0 = Release|Any CPU
		{B79B0B4E-BA43-4943-A194-36EA3A6D8588}.Ad-Hoc|Any CPU.Deploy.0 = Release|Any CPU
		{B79B0B4E-BA43-4943-A194-36EA3A6D8588}.Ad-Hoc|ARM.ActiveCfg = Release|ARM
		{B79B0B4E-BA43-4943-A194-36EA3A6D8588}.Ad-Hoc|ARM.Build.0 = Release|ARM
		{B79B0B4E-BA43-4943-A194-36EA3A6D8588}.Ad-Hoc|ARM.Deploy.0 = Release|ARM
		{B79B0B4E-BA43-4943-A194-36EA3A6D8588}.Ad-Hoc|iPhone.ActiveCfg = Release|Any CPU
		{B79B0B4E-BA43-4943-A194-36EA3A6D8588}.Ad-Hoc|iPhone.Build.0 = Release|Any CPU
		{B79B0B4E-BA43-4943-A194-36EA3A6D8588}.Ad-Hoc|iPhone.Deploy.0 = Release|Any CPU
		{B79B0B4E-BA43-4943-A194-36EA3A6D8588}.Ad-Hoc|iPhoneSimulator.ActiveCfg = Release|Any CPU
		{B79B0B4E-BA43-4943-A194-36EA3A6D8588}.Ad-Hoc|iPhoneSimulator.Build.0 = Release|Any CPU
		{B79B0B4E-BA43-4943-A194-36EA3A6D8588}.Ad-Hoc|iPhoneSimulator.Deploy.0 = Release|Any CPU
		{B79B0B4E-BA43-4943-A194-36EA3A6D8588}.Ad-Hoc|x64.ActiveCfg = Release|Any CPU
		{B79B0B4E-BA43-4943-A194-36EA3A6D8588}.Ad-Hoc|x64.Build.0 = Release|Any CPU
		{B79B0B4E-BA43-4943-A194-36EA3A6D8588}.Ad-Hoc|x64.Deploy.0 = Release|Any CPU
		{B79B0B4E-BA43-4943-A194-36EA3A6D8588}.Ad-Hoc|x86.ActiveCfg = Release|x86
		{B79B0B4E-BA43-4943-A194-36EA3A6D8588}.Ad-Hoc|x86.Build.0 = Release|x86
		{B79B0B4E-BA43-4943-A194-36EA3A6D8588}.Ad-Hoc|x86.Deploy.0 = Release|x86
		{B79B0B4E-BA43-4943-A194-36EA3A6D8588}.AppStore|Any CPU.ActiveCfg = Release|Any CPU
		{B79B0B4E-BA43-4943-A194-36EA3A6D8588}.AppStore|Any CPU.Build.0 = Release|Any CPU
		{B79B0B4E-BA43-4943-A194-36EA3A6D8588}.AppStore|Any CPU.Deploy.0 = Release|Any CPU
		{B79B0B4E-BA43-4943-A194-36EA3A6D8588}.AppStore|ARM.ActiveCfg = Release|ARM
		{B79B0B4E-BA43-4943-A194-36EA3A6D8588}.AppStore|ARM.Build.0 = Release|ARM
		{B79B0B4E-BA43-4943-A194-36EA3A6D8588}.AppStore|ARM.Deploy.0 = Release|ARM
		{B79B0B4E-BA43-4943-A194-36EA3A6D8588}.AppStore|iPhone.ActiveCfg = Release|Any CPU
		{B79B0B4E-BA43-4943-A194-36EA3A6D8588}.AppStore|iPhone.Build.0 = Release|Any CPU
		{B79B0B4E-BA43-4943-A194-36EA3A6D8588}.AppStore|iPhone.Deploy.0 = Release|Any CPU
		{B79B0B4E-BA43-4943-A194-36EA3A6D8588}.AppStore|iPhoneSimulator.ActiveCfg = Release|Any CPU
		{B79B0B4E-BA43-4943-A194-36EA3A6D8588}.AppStore|iPhoneSimulator.Build.0 = Release|Any CPU
		{B79B0B4E-BA43-4943-A194-36EA3A6D8588}.AppStore|iPhoneSimulator.Deploy.0 = Release|Any CPU
		{B79B0B4E-BA43-4943-A194-36EA3A6D8588}.AppStore|x64.ActiveCfg = Release|Any CPU
		{B79B0B4E-BA43-4943-A194-36EA3A6D8588}.AppStore|x64.Build.0 = Release|Any CPU
		{B79B0B4E-BA43-4943-A194-36EA3A6D8588}.AppStore|x64.Deploy.0 = Release|Any CPU
		{B79B0B4E-BA43-4943-A194-36EA3A6D8588}.AppStore|x86.ActiveCfg = Release|x86
		{B79B0B4E-BA43-4943-A194-36EA3A6D8588}.AppStore|x86.Build.0 = Release|x86
		{B79B0B4E-BA43-4943-A194-36EA3A6D8588}.AppStore|x86.Deploy.0 = Release|x86
		{B79B0B4E-BA43-4943-A194-36EA3A6D8588}.Debug|Any CPU.ActiveCfg = Debug|Any CPU
		{B79B0B4E-BA43-4943-A194-36EA3A6D8588}.Debug|Any CPU.Build.0 = Debug|Any CPU
		{B79B0B4E-BA43-4943-A194-36EA3A6D8588}.Debug|Any CPU.Deploy.0 = Debug|Any CPU
		{B79B0B4E-BA43-4943-A194-36EA3A6D8588}.Debug|ARM.ActiveCfg = Debug|ARM
		{B79B0B4E-BA43-4943-A194-36EA3A6D8588}.Debug|ARM.Build.0 = Debug|ARM
		{B79B0B4E-BA43-4943-A194-36EA3A6D8588}.Debug|ARM.Deploy.0 = Debug|ARM
		{B79B0B4E-BA43-4943-A194-36EA3A6D8588}.Debug|iPhone.ActiveCfg = Debug|Any CPU
		{B79B0B4E-BA43-4943-A194-36EA3A6D8588}.Debug|iPhone.Build.0 = Debug|Any CPU
		{B79B0B4E-BA43-4943-A194-36EA3A6D8588}.Debug|iPhone.Deploy.0 = Debug|Any CPU
		{B79B0B4E-BA43-4943-A194-36EA3A6D8588}.Debug|iPhoneSimulator.ActiveCfg = Debug|Any CPU
		{B79B0B4E-BA43-4943-A194-36EA3A6D8588}.Debug|iPhoneSimulator.Build.0 = Debug|Any CPU
		{B79B0B4E-BA43-4943-A194-36EA3A6D8588}.Debug|iPhoneSimulator.Deploy.0 = Debug|Any CPU
		{B79B0B4E-BA43-4943-A194-36EA3A6D8588}.Debug|x64.ActiveCfg = Debug|Any CPU
		{B79B0B4E-BA43-4943-A194-36EA3A6D8588}.Debug|x64.Build.0 = Debug|Any CPU
		{B79B0B4E-BA43-4943-A194-36EA3A6D8588}.Debug|x64.Deploy.0 = Debug|Any CPU
		{B79B0B4E-BA43-4943-A194-36EA3A6D8588}.Debug|x86.ActiveCfg = Debug|x86
		{B79B0B4E-BA43-4943-A194-36EA3A6D8588}.Debug|x86.Build.0 = Debug|x86
		{B79B0B4E-BA43-4943-A194-36EA3A6D8588}.Debug|x86.Deploy.0 = Debug|x86
		{B79B0B4E-BA43-4943-A194-36EA3A6D8588}.Release|Any CPU.ActiveCfg = Release|Any CPU
		{B79B0B4E-BA43-4943-A194-36EA3A6D8588}.Release|Any CPU.Build.0 = Release|Any CPU
		{B79B0B4E-BA43-4943-A194-36EA3A6D8588}.Release|Any CPU.Deploy.0 = Release|Any CPU
		{B79B0B4E-BA43-4943-A194-36EA3A6D8588}.Release|ARM.ActiveCfg = Release|ARM
		{B79B0B4E-BA43-4943-A194-36EA3A6D8588}.Release|ARM.Build.0 = Release|ARM
		{B79B0B4E-BA43-4943-A194-36EA3A6D8588}.Release|ARM.Deploy.0 = Release|ARM
		{B79B0B4E-BA43-4943-A194-36EA3A6D8588}.Release|iPhone.ActiveCfg = Release|Any CPU
		{B79B0B4E-BA43-4943-A194-36EA3A6D8588}.Release|iPhone.Build.0 = Release|Any CPU
		{B79B0B4E-BA43-4943-A194-36EA3A6D8588}.Release|iPhone.Deploy.0 = Release|Any CPU
		{B79B0B4E-BA43-4943-A194-36EA3A6D8588}.Release|iPhoneSimulator.ActiveCfg = Release|Any CPU
		{B79B0B4E-BA43-4943-A194-36EA3A6D8588}.Release|iPhoneSimulator.Build.0 = Release|Any CPU
		{B79B0B4E-BA43-4943-A194-36EA3A6D8588}.Release|iPhoneSimulator.Deploy.0 = Release|Any CPU
		{B79B0B4E-BA43-4943-A194-36EA3A6D8588}.Release|x64.ActiveCfg = Release|Any CPU
		{B79B0B4E-BA43-4943-A194-36EA3A6D8588}.Release|x64.Build.0 = Release|Any CPU
		{B79B0B4E-BA43-4943-A194-36EA3A6D8588}.Release|x64.Deploy.0 = Release|Any CPU
		{B79B0B4E-BA43-4943-A194-36EA3A6D8588}.Release|x86.ActiveCfg = Release|x86
		{B79B0B4E-BA43-4943-A194-36EA3A6D8588}.Release|x86.Build.0 = Release|x86
		{B79B0B4E-BA43-4943-A194-36EA3A6D8588}.Release|x86.Deploy.0 = Release|x86
		{34073924-28EE-4484-88A7-1969F385DF0B}.Ad-Hoc|Any CPU.ActiveCfg = Release|x86
		{34073924-28EE-4484-88A7-1969F385DF0B}.Ad-Hoc|Any CPU.Build.0 = Release|x86
		{34073924-28EE-4484-88A7-1969F385DF0B}.Ad-Hoc|Any CPU.Deploy.0 = Release|x86
		{34073924-28EE-4484-88A7-1969F385DF0B}.Ad-Hoc|ARM.ActiveCfg = Release|ARM
		{34073924-28EE-4484-88A7-1969F385DF0B}.Ad-Hoc|ARM.Build.0 = Release|ARM
		{34073924-28EE-4484-88A7-1969F385DF0B}.Ad-Hoc|ARM.Deploy.0 = Release|ARM
		{34073924-28EE-4484-88A7-1969F385DF0B}.Ad-Hoc|iPhone.ActiveCfg = Release|x86
		{34073924-28EE-4484-88A7-1969F385DF0B}.Ad-Hoc|iPhone.Build.0 = Release|x86
		{34073924-28EE-4484-88A7-1969F385DF0B}.Ad-Hoc|iPhone.Deploy.0 = Release|x86
		{34073924-28EE-4484-88A7-1969F385DF0B}.Ad-Hoc|iPhoneSimulator.ActiveCfg = Release|x86
		{34073924-28EE-4484-88A7-1969F385DF0B}.Ad-Hoc|iPhoneSimulator.Build.0 = Release|x86
		{34073924-28EE-4484-88A7-1969F385DF0B}.Ad-Hoc|iPhoneSimulator.Deploy.0 = Release|x86
		{34073924-28EE-4484-88A7-1969F385DF0B}.Ad-Hoc|x64.ActiveCfg = Release|x64
		{34073924-28EE-4484-88A7-1969F385DF0B}.Ad-Hoc|x64.Build.0 = Release|x64
		{34073924-28EE-4484-88A7-1969F385DF0B}.Ad-Hoc|x64.Deploy.0 = Release|x64
		{34073924-28EE-4484-88A7-1969F385DF0B}.Ad-Hoc|x86.ActiveCfg = Release|x86
		{34073924-28EE-4484-88A7-1969F385DF0B}.Ad-Hoc|x86.Build.0 = Release|x86
		{34073924-28EE-4484-88A7-1969F385DF0B}.Ad-Hoc|x86.Deploy.0 = Release|x86
		{34073924-28EE-4484-88A7-1969F385DF0B}.AppStore|Any CPU.ActiveCfg = Release|x86
		{34073924-28EE-4484-88A7-1969F385DF0B}.AppStore|Any CPU.Build.0 = Release|x86
		{34073924-28EE-4484-88A7-1969F385DF0B}.AppStore|Any CPU.Deploy.0 = Release|x86
		{34073924-28EE-4484-88A7-1969F385DF0B}.AppStore|ARM.ActiveCfg = Release|ARM
		{34073924-28EE-4484-88A7-1969F385DF0B}.AppStore|ARM.Build.0 = Release|ARM
		{34073924-28EE-4484-88A7-1969F385DF0B}.AppStore|ARM.Deploy.0 = Release|ARM
		{34073924-28EE-4484-88A7-1969F385DF0B}.AppStore|iPhone.ActiveCfg = Release|x86
		{34073924-28EE-4484-88A7-1969F385DF0B}.AppStore|iPhone.Build.0 = Release|x86
		{34073924-28EE-4484-88A7-1969F385DF0B}.AppStore|iPhone.Deploy.0 = Release|x86
		{34073924-28EE-4484-88A7-1969F385DF0B}.AppStore|iPhoneSimulator.ActiveCfg = Release|x86
		{34073924-28EE-4484-88A7-1969F385DF0B}.AppStore|iPhoneSimulator.Build.0 = Release|x86
		{34073924-28EE-4484-88A7-1969F385DF0B}.AppStore|iPhoneSimulator.Deploy.0 = Release|x86
		{34073924-28EE-4484-88A7-1969F385DF0B}.AppStore|x64.ActiveCfg = Release|x64
		{34073924-28EE-4484-88A7-1969F385DF0B}.AppStore|x64.Build.0 = Release|x64
		{34073924-28EE-4484-88A7-1969F385DF0B}.AppStore|x64.Deploy.0 = Release|x64
		{34073924-28EE-4484-88A7-1969F385DF0B}.AppStore|x86.ActiveCfg = Release|x86
		{34073924-28EE-4484-88A7-1969F385DF0B}.AppStore|x86.Build.0 = Release|x86
		{34073924-28EE-4484-88A7-1969F385DF0B}.AppStore|x86.Deploy.0 = Release|x86
		{34073924-28EE-4484-88A7-1969F385DF0B}.Debug|Any CPU.ActiveCfg = Debug|x86
		{34073924-28EE-4484-88A7-1969F385DF0B}.Debug|ARM.ActiveCfg = Debug|ARM
		{34073924-28EE-4484-88A7-1969F385DF0B}.Debug|ARM.Build.0 = Debug|ARM
		{34073924-28EE-4484-88A7-1969F385DF0B}.Debug|ARM.Deploy.0 = Debug|ARM
		{34073924-28EE-4484-88A7-1969F385DF0B}.Debug|iPhone.ActiveCfg = Debug|x86
		{34073924-28EE-4484-88A7-1969F385DF0B}.Debug|iPhoneSimulator.ActiveCfg = Debug|x86
		{34073924-28EE-4484-88A7-1969F385DF0B}.Debug|x64.ActiveCfg = Debug|x64
		{34073924-28EE-4484-88A7-1969F385DF0B}.Debug|x64.Build.0 = Debug|x64
		{34073924-28EE-4484-88A7-1969F385DF0B}.Debug|x64.Deploy.0 = Debug|x64
		{34073924-28EE-4484-88A7-1969F385DF0B}.Debug|x86.ActiveCfg = Debug|x86
		{34073924-28EE-4484-88A7-1969F385DF0B}.Debug|x86.Build.0 = Debug|x86
		{34073924-28EE-4484-88A7-1969F385DF0B}.Debug|x86.Deploy.0 = Debug|x86
		{34073924-28EE-4484-88A7-1969F385DF0B}.Release|Any CPU.ActiveCfg = Release|x86
		{34073924-28EE-4484-88A7-1969F385DF0B}.Release|ARM.ActiveCfg = Release|ARM
		{34073924-28EE-4484-88A7-1969F385DF0B}.Release|ARM.Build.0 = Release|ARM
		{34073924-28EE-4484-88A7-1969F385DF0B}.Release|ARM.Deploy.0 = Release|ARM
		{34073924-28EE-4484-88A7-1969F385DF0B}.Release|iPhone.ActiveCfg = Release|x86
		{34073924-28EE-4484-88A7-1969F385DF0B}.Release|iPhoneSimulator.ActiveCfg = Release|x86
		{34073924-28EE-4484-88A7-1969F385DF0B}.Release|x64.ActiveCfg = Release|x64
		{34073924-28EE-4484-88A7-1969F385DF0B}.Release|x64.Build.0 = Release|x64
		{34073924-28EE-4484-88A7-1969F385DF0B}.Release|x64.Deploy.0 = Release|x64
		{34073924-28EE-4484-88A7-1969F385DF0B}.Release|x86.ActiveCfg = Release|x86
		{34073924-28EE-4484-88A7-1969F385DF0B}.Release|x86.Build.0 = Release|x86
		{34073924-28EE-4484-88A7-1969F385DF0B}.Release|x86.Deploy.0 = Release|x86
		{30EE2226-7A4B-401D-B838-C442F06A6C35}.Ad-Hoc|Any CPU.ActiveCfg = Release|Any CPU
		{30EE2226-7A4B-401D-B838-C442F06A6C35}.Ad-Hoc|Any CPU.Build.0 = Release|Any CPU
		{30EE2226-7A4B-401D-B838-C442F06A6C35}.Ad-Hoc|Any CPU.Deploy.0 = Release|Any CPU
		{30EE2226-7A4B-401D-B838-C442F06A6C35}.Ad-Hoc|ARM.ActiveCfg = Release|ARM
		{30EE2226-7A4B-401D-B838-C442F06A6C35}.Ad-Hoc|ARM.Build.0 = Release|ARM
		{30EE2226-7A4B-401D-B838-C442F06A6C35}.Ad-Hoc|ARM.Deploy.0 = Release|ARM
		{30EE2226-7A4B-401D-B838-C442F06A6C35}.Ad-Hoc|iPhone.ActiveCfg = Release|Any CPU
		{30EE2226-7A4B-401D-B838-C442F06A6C35}.Ad-Hoc|iPhone.Build.0 = Release|Any CPU
		{30EE2226-7A4B-401D-B838-C442F06A6C35}.Ad-Hoc|iPhone.Deploy.0 = Release|Any CPU
		{30EE2226-7A4B-401D-B838-C442F06A6C35}.Ad-Hoc|iPhoneSimulator.ActiveCfg = Release|Any CPU
		{30EE2226-7A4B-401D-B838-C442F06A6C35}.Ad-Hoc|iPhoneSimulator.Build.0 = Release|Any CPU
		{30EE2226-7A4B-401D-B838-C442F06A6C35}.Ad-Hoc|iPhoneSimulator.Deploy.0 = Release|Any CPU
		{30EE2226-7A4B-401D-B838-C442F06A6C35}.Ad-Hoc|x64.ActiveCfg = Release|x64
		{30EE2226-7A4B-401D-B838-C442F06A6C35}.Ad-Hoc|x64.Build.0 = Release|x64
		{30EE2226-7A4B-401D-B838-C442F06A6C35}.Ad-Hoc|x64.Deploy.0 = Release|x64
		{30EE2226-7A4B-401D-B838-C442F06A6C35}.Ad-Hoc|x86.ActiveCfg = Release|x86
		{30EE2226-7A4B-401D-B838-C442F06A6C35}.Ad-Hoc|x86.Build.0 = Release|x86
		{30EE2226-7A4B-401D-B838-C442F06A6C35}.Ad-Hoc|x86.Deploy.0 = Release|x86
		{30EE2226-7A4B-401D-B838-C442F06A6C35}.AppStore|Any CPU.ActiveCfg = Release|Any CPU
		{30EE2226-7A4B-401D-B838-C442F06A6C35}.AppStore|Any CPU.Build.0 = Release|Any CPU
		{30EE2226-7A4B-401D-B838-C442F06A6C35}.AppStore|Any CPU.Deploy.0 = Release|Any CPU
		{30EE2226-7A4B-401D-B838-C442F06A6C35}.AppStore|ARM.ActiveCfg = Release|ARM
		{30EE2226-7A4B-401D-B838-C442F06A6C35}.AppStore|ARM.Build.0 = Release|ARM
		{30EE2226-7A4B-401D-B838-C442F06A6C35}.AppStore|ARM.Deploy.0 = Release|ARM
		{30EE2226-7A4B-401D-B838-C442F06A6C35}.AppStore|iPhone.ActiveCfg = Release|Any CPU
		{30EE2226-7A4B-401D-B838-C442F06A6C35}.AppStore|iPhone.Build.0 = Release|Any CPU
		{30EE2226-7A4B-401D-B838-C442F06A6C35}.AppStore|iPhone.Deploy.0 = Release|Any CPU
		{30EE2226-7A4B-401D-B838-C442F06A6C35}.AppStore|iPhoneSimulator.ActiveCfg = Release|Any CPU
		{30EE2226-7A4B-401D-B838-C442F06A6C35}.AppStore|iPhoneSimulator.Build.0 = Release|Any CPU
		{30EE2226-7A4B-401D-B838-C442F06A6C35}.AppStore|iPhoneSimulator.Deploy.0 = Release|Any CPU
		{30EE2226-7A4B-401D-B838-C442F06A6C35}.AppStore|x64.ActiveCfg = Release|x64
		{30EE2226-7A4B-401D-B838-C442F06A6C35}.AppStore|x64.Build.0 = Release|x64
		{30EE2226-7A4B-401D-B838-C442F06A6C35}.AppStore|x64.Deploy.0 = Release|x64
		{30EE2226-7A4B-401D-B838-C442F06A6C35}.AppStore|x86.ActiveCfg = Release|x86
		{30EE2226-7A4B-401D-B838-C442F06A6C35}.AppStore|x86.Build.0 = Release|x86
		{30EE2226-7A4B-401D-B838-C442F06A6C35}.AppStore|x86.Deploy.0 = Release|x86
		{30EE2226-7A4B-401D-B838-C442F06A6C35}.Debug|Any CPU.ActiveCfg = Debug|Any CPU
		{30EE2226-7A4B-401D-B838-C442F06A6C35}.Debug|Any CPU.Build.0 = Debug|Any CPU
		{30EE2226-7A4B-401D-B838-C442F06A6C35}.Debug|Any CPU.Deploy.0 = Debug|Any CPU
		{30EE2226-7A4B-401D-B838-C442F06A6C35}.Debug|ARM.ActiveCfg = Debug|ARM
		{30EE2226-7A4B-401D-B838-C442F06A6C35}.Debug|ARM.Build.0 = Debug|ARM
		{30EE2226-7A4B-401D-B838-C442F06A6C35}.Debug|ARM.Deploy.0 = Debug|ARM
		{30EE2226-7A4B-401D-B838-C442F06A6C35}.Debug|iPhone.ActiveCfg = Debug|Any CPU
		{30EE2226-7A4B-401D-B838-C442F06A6C35}.Debug|iPhone.Build.0 = Debug|Any CPU
		{30EE2226-7A4B-401D-B838-C442F06A6C35}.Debug|iPhone.Deploy.0 = Debug|Any CPU
		{30EE2226-7A4B-401D-B838-C442F06A6C35}.Debug|iPhoneSimulator.ActiveCfg = Debug|Any CPU
		{30EE2226-7A4B-401D-B838-C442F06A6C35}.Debug|iPhoneSimulator.Build.0 = Debug|Any CPU
		{30EE2226-7A4B-401D-B838-C442F06A6C35}.Debug|iPhoneSimulator.Deploy.0 = Debug|Any CPU
		{30EE2226-7A4B-401D-B838-C442F06A6C35}.Debug|x64.ActiveCfg = Debug|x64
		{30EE2226-7A4B-401D-B838-C442F06A6C35}.Debug|x64.Build.0 = Debug|x64
		{30EE2226-7A4B-401D-B838-C442F06A6C35}.Debug|x64.Deploy.0 = Debug|x64
		{30EE2226-7A4B-401D-B838-C442F06A6C35}.Debug|x86.ActiveCfg = Debug|x86
		{30EE2226-7A4B-401D-B838-C442F06A6C35}.Debug|x86.Build.0 = Debug|x86
		{30EE2226-7A4B-401D-B838-C442F06A6C35}.Debug|x86.Deploy.0 = Debug|x86
		{30EE2226-7A4B-401D-B838-C442F06A6C35}.Release|Any CPU.ActiveCfg = Release|Any CPU
		{30EE2226-7A4B-401D-B838-C442F06A6C35}.Release|Any CPU.Build.0 = Release|Any CPU
		{30EE2226-7A4B-401D-B838-C442F06A6C35}.Release|Any CPU.Deploy.0 = Release|Any CPU
		{30EE2226-7A4B-401D-B838-C442F06A6C35}.Release|ARM.ActiveCfg = Release|ARM
		{30EE2226-7A4B-401D-B838-C442F06A6C35}.Release|ARM.Build.0 = Release|ARM
		{30EE2226-7A4B-401D-B838-C442F06A6C35}.Release|ARM.Deploy.0 = Release|ARM
		{30EE2226-7A4B-401D-B838-C442F06A6C35}.Release|iPhone.ActiveCfg = Release|Any CPU
		{30EE2226-7A4B-401D-B838-C442F06A6C35}.Release|iPhone.Build.0 = Release|Any CPU
		{30EE2226-7A4B-401D-B838-C442F06A6C35}.Release|iPhone.Deploy.0 = Release|Any CPU
		{30EE2226-7A4B-401D-B838-C442F06A6C35}.Release|iPhoneSimulator.ActiveCfg = Release|Any CPU
		{30EE2226-7A4B-401D-B838-C442F06A6C35}.Release|iPhoneSimulator.Build.0 = Release|Any CPU
		{30EE2226-7A4B-401D-B838-C442F06A6C35}.Release|iPhoneSimulator.Deploy.0 = Release|Any CPU
		{30EE2226-7A4B-401D-B838-C442F06A6C35}.Release|x64.ActiveCfg = Release|x64
		{30EE2226-7A4B-401D-B838-C442F06A6C35}.Release|x64.Build.0 = Release|x64
		{30EE2226-7A4B-401D-B838-C442F06A6C35}.Release|x64.Deploy.0 = Release|x64
		{30EE2226-7A4B-401D-B838-C442F06A6C35}.Release|x86.ActiveCfg = Release|x86
		{30EE2226-7A4B-401D-B838-C442F06A6C35}.Release|x86.Build.0 = Release|x86
		{30EE2226-7A4B-401D-B838-C442F06A6C35}.Release|x86.Deploy.0 = Release|x86
		{443A84B0-34A3-4628-960A-FBC2360861D6}.Ad-Hoc|Any CPU.ActiveCfg = Release|Any CPU
		{443A84B0-34A3-4628-960A-FBC2360861D6}.Ad-Hoc|Any CPU.Build.0 = Release|Any CPU
		{443A84B0-34A3-4628-960A-FBC2360861D6}.Ad-Hoc|ARM.ActiveCfg = Release|Any CPU
		{443A84B0-34A3-4628-960A-FBC2360861D6}.Ad-Hoc|ARM.Build.0 = Release|Any CPU
		{443A84B0-34A3-4628-960A-FBC2360861D6}.Ad-Hoc|iPhone.ActiveCfg = Release|Any CPU
		{443A84B0-34A3-4628-960A-FBC2360861D6}.Ad-Hoc|iPhone.Build.0 = Release|Any CPU
		{443A84B0-34A3-4628-960A-FBC2360861D6}.Ad-Hoc|iPhoneSimulator.ActiveCfg = Release|Any CPU
		{443A84B0-34A3-4628-960A-FBC2360861D6}.Ad-Hoc|iPhoneSimulator.Build.0 = Release|Any CPU
		{443A84B0-34A3-4628-960A-FBC2360861D6}.Ad-Hoc|x64.ActiveCfg = Release|Any CPU
		{443A84B0-34A3-4628-960A-FBC2360861D6}.Ad-Hoc|x64.Build.0 = Release|Any CPU
		{443A84B0-34A3-4628-960A-FBC2360861D6}.Ad-Hoc|x86.ActiveCfg = Release|Any CPU
		{443A84B0-34A3-4628-960A-FBC2360861D6}.Ad-Hoc|x86.Build.0 = Release|Any CPU
		{443A84B0-34A3-4628-960A-FBC2360861D6}.AppStore|Any CPU.ActiveCfg = Release|Any CPU
		{443A84B0-34A3-4628-960A-FBC2360861D6}.AppStore|Any CPU.Build.0 = Release|Any CPU
		{443A84B0-34A3-4628-960A-FBC2360861D6}.AppStore|ARM.ActiveCfg = Release|Any CPU
		{443A84B0-34A3-4628-960A-FBC2360861D6}.AppStore|ARM.Build.0 = Release|Any CPU
		{443A84B0-34A3-4628-960A-FBC2360861D6}.AppStore|iPhone.ActiveCfg = Release|Any CPU
		{443A84B0-34A3-4628-960A-FBC2360861D6}.AppStore|iPhone.Build.0 = Release|Any CPU
		{443A84B0-34A3-4628-960A-FBC2360861D6}.AppStore|iPhoneSimulator.ActiveCfg = Release|Any CPU
		{443A84B0-34A3-4628-960A-FBC2360861D6}.AppStore|iPhoneSimulator.Build.0 = Release|Any CPU
		{443A84B0-34A3-4628-960A-FBC2360861D6}.AppStore|x64.ActiveCfg = Release|Any CPU
		{443A84B0-34A3-4628-960A-FBC2360861D6}.AppStore|x64.Build.0 = Release|Any CPU
		{443A84B0-34A3-4628-960A-FBC2360861D6}.AppStore|x86.ActiveCfg = Release|Any CPU
		{443A84B0-34A3-4628-960A-FBC2360861D6}.AppStore|x86.Build.0 = Release|Any CPU
		{443A84B0-34A3-4628-960A-FBC2360861D6}.Debug|Any CPU.ActiveCfg = Debug|Any CPU
		{443A84B0-34A3-4628-960A-FBC2360861D6}.Debug|Any CPU.Build.0 = Debug|Any CPU
		{443A84B0-34A3-4628-960A-FBC2360861D6}.Debug|ARM.ActiveCfg = Debug|Any CPU
		{443A84B0-34A3-4628-960A-FBC2360861D6}.Debug|ARM.Build.0 = Debug|Any CPU
		{443A84B0-34A3-4628-960A-FBC2360861D6}.Debug|iPhone.ActiveCfg = Debug|Any CPU
		{443A84B0-34A3-4628-960A-FBC2360861D6}.Debug|iPhone.Build.0 = Debug|Any CPU
		{443A84B0-34A3-4628-960A-FBC2360861D6}.Debug|iPhoneSimulator.ActiveCfg = Debug|Any CPU
		{443A84B0-34A3-4628-960A-FBC2360861D6}.Debug|iPhoneSimulator.Build.0 = Debug|Any CPU
		{443A84B0-34A3-4628-960A-FBC2360861D6}.Debug|x64.ActiveCfg = Debug|Any CPU
		{443A84B0-34A3-4628-960A-FBC2360861D6}.Debug|x64.Build.0 = Debug|Any CPU
		{443A84B0-34A3-4628-960A-FBC2360861D6}.Debug|x86.ActiveCfg = Debug|Any CPU
		{443A84B0-34A3-4628-960A-FBC2360861D6}.Debug|x86.Build.0 = Debug|Any CPU
		{443A84B0-34A3-4628-960A-FBC2360861D6}.Release|Any CPU.ActiveCfg = Release|Any CPU
		{443A84B0-34A3-4628-960A-FBC2360861D6}.Release|Any CPU.Build.0 = Release|Any CPU
		{443A84B0-34A3-4628-960A-FBC2360861D6}.Release|ARM.ActiveCfg = Release|Any CPU
		{443A84B0-34A3-4628-960A-FBC2360861D6}.Release|ARM.Build.0 = Release|Any CPU
		{443A84B0-34A3-4628-960A-FBC2360861D6}.Release|iPhone.ActiveCfg = Release|Any CPU
		{443A84B0-34A3-4628-960A-FBC2360861D6}.Release|iPhone.Build.0 = Release|Any CPU
		{443A84B0-34A3-4628-960A-FBC2360861D6}.Release|iPhoneSimulator.ActiveCfg = Release|Any CPU
		{443A84B0-34A3-4628-960A-FBC2360861D6}.Release|iPhoneSimulator.Build.0 = Release|Any CPU
		{443A84B0-34A3-4628-960A-FBC2360861D6}.Release|x64.ActiveCfg = Release|Any CPU
		{443A84B0-34A3-4628-960A-FBC2360861D6}.Release|x64.Build.0 = Release|Any CPU
		{443A84B0-34A3-4628-960A-FBC2360861D6}.Release|x86.ActiveCfg = Release|Any CPU
		{443A84B0-34A3-4628-960A-FBC2360861D6}.Release|x86.Build.0 = Release|Any CPU
	EndGlobalSection
	GlobalSection(SolutionProperties) = preSolution
		HideSolutionNode = FALSE
	EndGlobalSection
EndGlobal
